
Microsoft Visual Studio Solution File, Format Version 12.00
# Visual Studio 15
VisualStudioVersion = 15.0.27130.2010
MinimumVisualStudioVersion = 10.0.40219.1
Project("{FAE04EC0-301F-11D3-BF4B-00C04F79EFBC}") = "XamarinInAction.Core", "src\XamarinInAction.Core\XamarinInAction.Core.csproj", "{5BA9AD52-404B-4343-B4AC-2F1724312A5D}"
EndProject
Project("{FAE04EC0-301F-11D3-BF4B-00C04F79EFBC}") = "XamarinInAction.Droid", "src\XamarinInAction.Droid\XamarinInAction.Droid.csproj", "{D177E03A-DB99-42D6-B9AF-2332A3197407}"
EndProject
Project("{FAE04EC0-301F-11D3-BF4B-00C04F79EFBC}") = "XamarinInAction.iOS", "src\XamarinInAction.iOS\XamarinInAction.iOS.csproj", "{45C28687-4146-474C-AA49-407C9DE4771F}"
EndProject
Project("{2150E333-8FDC-42A3-9474-1A3956D46DE8}") = "!Solution Items", "!Solution Items", "{EED34BB2-6359-42DE-B830-A52E560E6688}"
	ProjectSection(SolutionItems) = preProject
		.editorconfig = .editorconfig
	EndProjectSection
EndProject
Global
	GlobalSection(SolutionConfigurationPlatforms) = preSolution
		Debug|Any CPU = Debug|Any CPU
		Debug|ARM = Debug|ARM
		Debug|iPhone = Debug|iPhone
		Debug|iPhoneSimulator = Debug|iPhoneSimulator
		Debug|x64 = Debug|x64
		Debug|x86 = Debug|x86
		Release|Any CPU = Release|Any CPU
		Release|ARM = Release|ARM
		Release|iPhone = Release|iPhone
		Release|iPhoneSimulator = Release|iPhoneSimulator
		Release|x64 = Release|x64
		Release|x86 = Release|x86
	EndGlobalSection
	GlobalSection(ProjectConfigurationPlatforms) = postSolution
		{5BA9AD52-404B-4343-B4AC-2F1724312A5D}.Debug|Any CPU.ActiveCfg = Debug|Any CPU
		{5BA9AD52-404B-4343-B4AC-2F1724312A5D}.Debug|Any CPU.Build.0 = Debug|Any CPU
		{5BA9AD52-404B-4343-B4AC-2F1724312A5D}.Debug|ARM.ActiveCfg = Debug|Any CPU
		{5BA9AD52-404B-4343-B4AC-2F1724312A5D}.Debug|ARM.Build.0 = Debug|Any CPU
		{5BA9AD52-404B-4343-B4AC-2F1724312A5D}.Debug|iPhone.ActiveCfg = Debug|Any CPU
		{5BA9AD52-404B-4343-B4AC-2F1724312A5D}.Debug|iPhone.Build.0 = Debug|Any CPU
		{5BA9AD52-404B-4343-B4AC-2F1724312A5D}.Debug|iPhoneSimulator.ActiveCfg = Debug|Any CPU
		{5BA9AD52-404B-4343-B4AC-2F1724312A5D}.Debug|iPhoneSimulator.Build.0 = Debug|Any CPU
		{5BA9AD52-404B-4343-B4AC-2F1724312A5D}.Debug|x64.ActiveCfg = Debug|Any CPU
		{5BA9AD52-404B-4343-B4AC-2F1724312A5D}.Debug|x64.Build.0 = Debug|Any CPU
		{5BA9AD52-404B-4343-B4AC-2F1724312A5D}.Debug|x86.ActiveCfg = Debug|Any CPU
		{5BA9AD52-404B-4343-B4AC-2F1724312A5D}.Debug|x86.Build.0 = Debug|Any CPU
		{5BA9AD52-404B-4343-B4AC-2F1724312A5D}.Release|Any CPU.ActiveCfg = Release|Any CPU
		{5BA9AD52-404B-4343-B4AC-2F1724312A5D}.Release|Any CPU.Build.0 = Release|Any CPU
		{5BA9AD52-404B-4343-B4AC-2F1724312A5D}.Release|ARM.ActiveCfg = Release|Any CPU
		{5BA9AD52-404B-4343-B4AC-2F1724312A5D}.Release|ARM.Build.0 = Release|Any CPU
		{5BA9AD52-404B-4343-B4AC-2F1724312A5D}.Release|iPhone.ActiveCfg = Release|Any CPU
		{5BA9AD52-404B-4343-B4AC-2F1724312A5D}.Release|iPhone.Build.0 = Release|Any CPU
		{5BA9AD52-404B-4343-B4AC-2F1724312A5D}.Release|iPhoneSimulator.ActiveCfg = Release|Any CPU
		{5BA9AD52-404B-4343-B4AC-2F1724312A5D}.Release|iPhoneSimulator.Build.0 = Release|Any CPU
		{5BA9AD52-404B-4343-B4AC-2F1724312A5D}.Release|x64.ActiveCfg = Release|Any CPU
		{5BA9AD52-404B-4343-B4AC-2F1724312A5D}.Release|x64.Build.0 = Release|Any CPU
		{5BA9AD52-404B-4343-B4AC-2F1724312A5D}.Release|x86.ActiveCfg = Release|Any CPU
		{5BA9AD52-404B-4343-B4AC-2F1724312A5D}.Release|x86.Build.0 = Release|Any CPU
		{D177E03A-DB99-42D6-B9AF-2332A3197407}.Debug|Any CPU.ActiveCfg = Debug|Any CPU
		{D177E03A-DB99-42D6-B9AF-2332A3197407}.Debug|Any CPU.Build.0 = Debug|Any CPU
		{D177E03A-DB99-42D6-B9AF-2332A3197407}.Debug|Any CPU.Deploy.0 = Debug|Any CPU
		{D177E03A-DB99-42D6-B9AF-2332A3197407}.Debug|ARM.ActiveCfg = Debug|Any CPU
		{D177E03A-DB99-42D6-B9AF-2332A3197407}.Debug|ARM.Build.0 = Debug|Any CPU
		{D177E03A-DB99-42D6-B9AF-2332A3197407}.Debug|ARM.Deploy.0 = Debug|Any CPU
		{D177E03A-DB99-42D6-B9AF-2332A3197407}.Debug|iPhone.ActiveCfg = Debug|Any CPU
		{D177E03A-DB99-42D6-B9AF-2332A3197407}.Debug|iPhone.Build.0 = Debug|Any CPU
		{D177E03A-DB99-42D6-B9AF-2332A3197407}.Debug|iPhone.Deploy.0 = Debug|Any CPU
		{D177E03A-DB99-42D6-B9AF-2332A3197407}.Debug|iPhoneSimulator.ActiveCfg = Debug|Any CPU
		{D177E03A-DB99-42D6-B9AF-2332A3197407}.Debug|iPhoneSimulator.Build.0 = Debug|Any CPU
		{D177E03A-DB99-42D6-B9AF-2332A3197407}.Debug|iPhoneSimulator.Deploy.0 = Debug|Any CPU
		{D177E03A-DB99-42D6-B9AF-2332A3197407}.Debug|x64.ActiveCfg = Debug|Any CPU
		{D177E03A-DB99-42D6-B9AF-2332A3197407}.Debug|x64.Build.0 = Debug|Any CPU
		{D177E03A-DB99-42D6-B9AF-2332A3197407}.Debug|x64.Deploy.0 = Debug|Any CPU
		{D177E03A-DB99-42D6-B9AF-2332A3197407}.Debug|x86.ActiveCfg = Debug|Any CPU
		{D177E03A-DB99-42D6-B9AF-2332A3197407}.Debug|x86.Build.0 = Debug|Any CPU
		{D177E03A-DB99-42D6-B9AF-2332A3197407}.Debug|x86.Deploy.0 = Debug|Any CPU
		{D177E03A-DB99-42D6-B9AF-2332A3197407}.Release|Any CPU.ActiveCfg = Release|Any CPU
		{D177E03A-DB99-42D6-B9AF-2332A3197407}.Release|Any CPU.Build.0 = Release|Any CPU
		{D177E03A-DB99-42D6-B9AF-2332A3197407}.Release|Any CPU.Deploy.0 = Release|Any CPU
		{D177E03A-DB99-42D6-B9AF-2332A3197407}.Release|ARM.ActiveCfg = Release|Any CPU
		{D177E03A-DB99-42D6-B9AF-2332A3197407}.Release|ARM.Build.0 = Release|Any CPU
		{D177E03A-DB99-42D6-B9AF-2332A3197407}.Release|ARM.Deploy.0 = Release|Any CPU
		{D177E03A-DB99-42D6-B9AF-2332A3197407}.Release|iPhone.ActiveCfg = Release|Any CPU
		{D177E03A-DB99-42D6-B9AF-2332A3197407}.Release|iPhone.Build.0 = Release|Any CPU
		{D177E03A-DB99-42D6-B9AF-2332A3197407}.Release|iPhone.Deploy.0 = Release|Any CPU
		{D177E03A-DB99-42D6-B9AF-2332A3197407}.Release|iPhoneSimulator.ActiveCfg = Release|Any CPU
		{D177E03A-DB99-42D6-B9AF-2332A3197407}.Release|iPhoneSimulator.Build.0 = Release|Any CPU
		{D177E03A-DB99-42D6-B9AF-2332A3197407}.Release|iPhoneSimulator.Deploy.0 = Release|Any CPU
		{D177E03A-DB99-42D6-B9AF-2332A3197407}.Release|x64.ActiveCfg = Release|Any CPU
		{D177E03A-DB99-42D6-B9AF-2332A3197407}.Release|x64.Build.0 = Release|Any CPU
		{D177E03A-DB99-42D6-B9AF-2332A3197407}.Release|x64.Deploy.0 = Release|Any CPU
		{D177E03A-DB99-42D6-B9AF-2332A3197407}.Release|x86.ActiveCfg = Release|Any CPU
		{D177E03A-DB99-42D6-B9AF-2332A3197407}.Release|x86.Build.0 = Release|Any CPU
		{D177E03A-DB99-42D6-B9AF-2332A3197407}.Release|x86.Deploy.0 = Release|Any CPU
		{45C28687-4146-474C-AA49-407C9DE4771F}.Debug|Any CPU.ActiveCfg = Debug|iPhone
		{45C28687-4146-474C-AA49-407C9DE4771F}.Debug|Any CPU.Build.0 = Debug|iPhone
		{45C28687-4146-474C-AA49-407C9DE4771F}.Debug|ARM.ActiveCfg = Debug|iPhone
		{45C28687-4146-474C-AA49-407C9DE4771F}.Debug|iPhone.ActiveCfg = Debug|iPhone
		{45C28687-4146-474C-AA49-407C9DE4771F}.Debug|iPhone.Build.0 = Debug|iPhone
		{45C28687-4146-474C-AA49-407C9DE4771F}.Debug|iPhone.Deploy.0 = Debug|iPhone
		{45C28687-4146-474C-AA49-407C9DE4771F}.Debug|iPhoneSimulator.ActiveCfg = Debug|iPhoneSimulator
		{45C28687-4146-474C-AA49-407C9DE4771F}.Debug|iPhoneSimulator.Build.0 = Debug|iPhoneSimulator
		{45C28687-4146-474C-AA49-407C9DE4771F}.Debug|iPhoneSimulator.Deploy.0 = Debug|iPhoneSimulator
		{45C28687-4146-474C-AA49-407C9DE4771F}.Debug|x64.ActiveCfg = Debug|iPhone
		{45C28687-4146-474C-AA49-407C9DE4771F}.Debug|x86.ActiveCfg = Debug|iPhone
		{45C28687-4146-474C-AA49-407C9DE4771F}.Release|Any CPU.ActiveCfg = Release|iPhone
		{45C28687-4146-474C-AA49-407C9DE4771F}.Release|ARM.ActiveCfg = Release|iPhone
		{45C28687-4146-474C-AA49-407C9DE4771F}.Release|iPhone.ActiveCfg = Release|iPhone
		{45C28687-4146-474C-AA49-407C9DE4771F}.Release|iPhone.Build.0 = Release|iPhone
		{45C28687-4146-474C-AA49-407C9DE4771F}.Release|iPhone.Deploy.0 = Release|iPhone
		{45C28687-4146-474C-AA49-407C9DE4771F}.Release|iPhoneSimulator.ActiveCfg = Release|iPhoneSimulator
		{45C28687-4146-474C-AA49-407C9DE4771F}.Release|iPhoneSimulator.Build.0 = Release|iPhoneSimulator
		{45C28687-4146-474C-AA49-407C9DE4771F}.Release|iPhoneSimulator.Deploy.0 = Release|iPhoneSimulator
		{45C28687-4146-474C-AA49-407C9DE4771F}.Release|x64.ActiveCfg = Release|iPhone
		{45C28687-4146-474C-AA49-407C9DE4771F}.Release|x86.ActiveCfg = Release|iPhone
	EndGlobalSection
	GlobalSection(SolutionProperties) = preSolution
		HideSolutionNode = FALSE
	EndGlobalSection
	GlobalSection(ExtensibilityGlobals) = postSolution
		SolutionGuid = {9A9778DE-9588-496C-9492-5A8A79861733}
	EndGlobalSection
EndGlobal
